// !$*UTF8*$!
{
	archiveVersion = 1;
	classes = {
	};
	objectVersion = 55;
	objects = {

/* Begin PBXBuildFile section */
		67CBE9C727BB866E00DE0459 /* Tests_iOS.swift in Sources */ = {isa = PBXBuildFile; fileRef = 67CBE9C627BB866E00DE0459 /* Tests_iOS.swift */; };
		67CBE9C927BB866E00DE0459 /* Tests_iOSLaunchTests.swift in Sources */ = {isa = PBXBuildFile; fileRef = 67CBE9C827BB866E00DE0459 /* Tests_iOSLaunchTests.swift */; };
		67CBE9D327BB866E00DE0459 /* Tests_macOS.swift in Sources */ = {isa = PBXBuildFile; fileRef = 67CBE9D227BB866E00DE0459 /* Tests_macOS.swift */; };
		67CBE9D527BB866E00DE0459 /* Tests_macOSLaunchTests.swift in Sources */ = {isa = PBXBuildFile; fileRef = 67CBE9D427BB866E00DE0459 /* Tests_macOSLaunchTests.swift */; };
		67CBE9D627BB866E00DE0459 /* fyp_22_s1_11App.swift in Sources */ = {isa = PBXBuildFile; fileRef = 67CBE9AE27BB866D00DE0459 /* fyp_22_s1_11App.swift */; };
		67CBE9D727BB866E00DE0459 /* fyp_22_s1_11App.swift in Sources */ = {isa = PBXBuildFile; fileRef = 67CBE9AE27BB866D00DE0459 /* fyp_22_s1_11App.swift */; };
		67CBE9D827BB866E00DE0459 /* ContentView.swift in Sources */ = {isa = PBXBuildFile; fileRef = 67CBE9AF27BB866D00DE0459 /* ContentView.swift */; };
		67CBE9D927BB866E00DE0459 /* ContentView.swift in Sources */ = {isa = PBXBuildFile; fileRef = 67CBE9AF27BB866D00DE0459 /* ContentView.swift */; };
		67CBE9DA27BB866E00DE0459 /* Assets.xcassets in Resources */ = {isa = PBXBuildFile; fileRef = 67CBE9B027BB866E00DE0459 /* Assets.xcassets */; };
		67CBE9DB27BB866E00DE0459 /* Assets.xcassets in Resources */ = {isa = PBXBuildFile; fileRef = 67CBE9B027BB866E00DE0459 /* Assets.xcassets */; };
/* End PBXBuildFile section */

/* Begin PBXContainerItemProxy section */
		67CBE9C327BB866E00DE0459 /* PBXContainerItemProxy */ = {
			isa = PBXContainerItemProxy;
			containerPortal = 67CBE9A927BB866D00DE0459 /* Project object */;
			proxyType = 1;
			remoteGlobalIDString = 67CBE9B427BB866E00DE0459;
			remoteInfo = "fyp-22-s1-11 (iOS)";
		};
		67CBE9CF27BB866E00DE0459 /* PBXContainerItemProxy */ = {
			isa = PBXContainerItemProxy;
			containerPortal = 67CBE9A927BB866D00DE0459 /* Project object */;
			proxyType = 1;
			remoteGlobalIDString = 67CBE9BA27BB866E00DE0459;
			remoteInfo = "fyp-22-s1-11 (macOS)";
		};
/* End PBXContainerItemProxy section */

/* Begin PBXFileReference section */
		67CBE9AE27BB866D00DE0459 /* fyp_22_s1_11App.swift */ = {isa = PBXFileReference; lastKnownFileType = sourcecode.swift; path = fyp_22_s1_11App.swift; sourceTree = "<group>"; };
		67CBE9AF27BB866D00DE0459 /* ContentView.swift */ = {isa = PBXFileReference; lastKnownFileType = sourcecode.swift; path = ContentView.swift; sourceTree = "<group>"; };
		67CBE9B027BB866E00DE0459 /* Assets.xcassets */ = {isa = PBXFileReference; lastKnownFileType = folder.assetcatalog; path = Assets.xcassets; sourceTree = "<group>"; };
		67CBE9B527BB866E00DE0459 /* fyp-22-s1-11.app */ = {isa = PBXFileReference; explicitFileType = wrapper.application; includeInIndex = 0; path = "fyp-22-s1-11.app"; sourceTree = BUILT_PRODUCTS_DIR; };
		67CBE9BB27BB866E00DE0459 /* fyp-22-s1-11.app */ = {isa = PBXFileReference; explicitFileType = wrapper.application; includeInIndex = 0; path = "fyp-22-s1-11.app"; sourceTree = BUILT_PRODUCTS_DIR; };
		67CBE9BD27BB866E00DE0459 /* macOS.entitlements */ = {isa = PBXFileReference; lastKnownFileType = text.plist.entitlements; path = macOS.entitlements; sourceTree = "<group>"; };
		67CBE9C227BB866E00DE0459 /* Tests iOS.xctest */ = {isa = PBXFileReference; explicitFileType = wrapper.cfbundle; includeInIndex = 0; path = "Tests iOS.xctest"; sourceTree = BUILT_PRODUCTS_DIR; };
		67CBE9C627BB866E00DE0459 /* Tests_iOS.swift */ = {isa = PBXFileReference; lastKnownFileType = sourcecode.swift; path = Tests_iOS.swift; sourceTree = "<group>"; };
		67CBE9C827BB866E00DE0459 /* Tests_iOSLaunchTests.swift */ = {isa = PBXFileReference; lastKnownFileType = sourcecode.swift; path = Tests_iOSLaunchTests.swift; sourceTree = "<group>"; };
		67CBE9CE27BB866E00DE0459 /* Tests macOS.xctest */ = {isa = PBXFileReference; explicitFileType = wrapper.cfbundle; includeInIndex = 0; path = "Tests macOS.xctest"; sourceTree = BUILT_PRODUCTS_DIR; };
		67CBE9D227BB866E00DE0459 /* Tests_macOS.swift */ = {isa = PBXFileReference; lastKnownFileType = sourcecode.swift; path = Tests_macOS.swift; sourceTree = "<group>"; };
		67CBE9D427BB866E00DE0459 /* Tests_macOSLaunchTests.swift */ = {isa = PBXFileReference; lastKnownFileType = sourcecode.swift; path = Tests_macOSLaunchTests.swift; sourceTree = "<group>"; };
/* End PBXFileReference section */

/* Begin PBXFrameworksBuildPhase section */
		67CBE9B227BB866E00DE0459 /* Frameworks */ = {
			isa = PBXFrameworksBuildPhase;
			buildActionMask = 2147483647;
			files = (
			);
			runOnlyForDeploymentPostprocessing = 0;
		};
		67CBE9B827BB866E00DE0459 /* Frameworks */ = {
			isa = PBXFrameworksBuildPhase;
			buildActionMask = 2147483647;
			files = (
			);
			runOnlyForDeploymentPostprocessing = 0;
		};
		67CBE9BF27BB866E00DE0459 /* Frameworks */ = {
			isa = PBXFrameworksBuildPhase;
			buildActionMask = 2147483647;
			files = (
			);
			runOnlyForDeploymentPostprocessing = 0;
		};
		67CBE9CB27BB866E00DE0459 /* Frameworks */ = {
			isa = PBXFrameworksBuildPhase;
			buildActionMask = 2147483647;
			files = (
			);
			runOnlyForDeploymentPostprocessing = 0;
		};
/* End PBXFrameworksBuildPhase section */

/* Begin PBXGroup section */
		67CBE9A827BB866D00DE0459 = {
			isa = PBXGroup;
			children = (
				67CBE9AD27BB866D00DE0459 /* Shared */,
				67CBE9BC27BB866E00DE0459 /* macOS */,
				67CBE9C527BB866E00DE0459 /* Tests iOS */,
				67CBE9D127BB866E00DE0459 /* Tests macOS */,
				67CBE9B627BB866E00DE0459 /* Products */,
			);
			sourceTree = "<group>";
		};
		67CBE9AD27BB866D00DE0459 /* Shared */ = {
			isa = PBXGroup;
			children = (
				67CBE9AE27BB866D00DE0459 /* fyp_22_s1_11App.swift */,
				67CBE9AF27BB866D00DE0459 /* ContentView.swift */,
				67CBE9B027BB866E00DE0459 /* Assets.xcassets */,
			);
			path = Shared;
			sourceTree = "<group>";
		};
		67CBE9B627BB866E00DE0459 /* Products */ = {
			isa = PBXGroup;
			children = (
				67CBE9B527BB866E00DE0459 /* fyp-22-s1-11.app */,
				67CBE9BB27BB866E00DE0459 /* fyp-22-s1-11.app */,
				67CBE9C227BB866E00DE0459 /* Tests iOS.xctest */,
				67CBE9CE27BB866E00DE0459 /* Tests macOS.xctest */,
			);
			name = Products;
			sourceTree = "<group>";
		};
		67CBE9BC27BB866E00DE0459 /* macOS */ = {
			isa = PBXGroup;
			children = (
				67CBE9BD27BB866E00DE0459 /* macOS.entitlements */,
			);
			path = macOS;
			sourceTree = "<group>";
		};
		67CBE9C527BB866E00DE0459 /* Tests iOS */ = {
			isa = PBXGroup;
			children = (
				67CBE9C627BB866E00DE0459 /* Tests_iOS.swift */,
				67CBE9C827BB866E00DE0459 /* Tests_iOSLaunchTests.swift */,
			);
			path = "Tests iOS";
			sourceTree = "<group>";
		};
		67CBE9D127BB866E00DE0459 /* Tests macOS */ = {
			isa = PBXGroup;
			children = (
				67CBE9D227BB866E00DE0459 /* Tests_macOS.swift */,
				67CBE9D427BB866E00DE0459 /* Tests_macOSLaunchTests.swift */,
			);
			path = "Tests macOS";
			sourceTree = "<group>";
		};
/* End PBXGroup section */

/* Begin PBXNativeTarget section */
		67CBE9B427BB866E00DE0459 /* fyp-22-s1-11 (iOS) */ = {
			isa = PBXNativeTarget;
			buildConfigurationList = 67CBE9DE27BB866E00DE0459 /* Build configuration list for PBXNativeTarget "fyp-22-s1-11 (iOS)" */;
			buildPhases = (
				67CBE9B127BB866E00DE0459 /* Sources */,
				67CBE9B227BB866E00DE0459 /* Frameworks */,
				67CBE9B327BB866E00DE0459 /* Resources */,
			);
			buildRules = (
			);
			dependencies = (
			);
			name = "fyp-22-s1-11 (iOS)";
			productName = "fyp-22-s1-11 (iOS)";
			productReference = 67CBE9B527BB866E00DE0459 /* fyp-22-s1-11.app */;
			productType = "com.apple.product-type.application";
		};
		67CBE9BA27BB866E00DE0459 /* fyp-22-s1-11 (macOS) */ = {
			isa = PBXNativeTarget;
			buildConfigurationList = 67CBE9E127BB866E00DE0459 /* Build configuration list for PBXNativeTarget "fyp-22-s1-11 (macOS)" */;
			buildPhases = (
				67CBE9B727BB866E00DE0459 /* Sources */,
				67CBE9B827BB866E00DE0459 /* Frameworks */,
				67CBE9B927BB866E00DE0459 /* Resources */,
			);
			buildRules = (
			);
			dependencies = (
			);
			name = "fyp-22-s1-11 (macOS)";
			productName = "fyp-22-s1-11 (macOS)";
			productReference = 67CBE9BB27BB866E00DE0459 /* fyp-22-s1-11.app */;
			productType = "com.apple.product-type.application";
		};
		67CBE9C127BB866E00DE0459 /* Tests iOS */ = {
			isa = PBXNativeTarget;
			buildConfigurationList = 67CBE9E427BB866E00DE0459 /* Build configuration list for PBXNativeTarget "Tests iOS" */;
			buildPhases = (
				67CBE9BE27BB866E00DE0459 /* Sources */,
				67CBE9BF27BB866E00DE0459 /* Frameworks */,
				67CBE9C027BB866E00DE0459 /* Resources */,
			);
			buildRules = (
			);
			dependencies = (
				67CBE9C427BB866E00DE0459 /* PBXTargetDependency */,
			);
			name = "Tests iOS";
			productName = "Tests iOS";
			productReference = 67CBE9C227BB866E00DE0459 /* Tests iOS.xctest */;
			productType = "com.apple.product-type.bundle.ui-testing";
		};
		67CBE9CD27BB866E00DE0459 /* Tests macOS */ = {
			isa = PBXNativeTarget;
			buildConfigurationList = 67CBE9E727BB866E00DE0459 /* Build configuration list for PBXNativeTarget "Tests macOS" */;
			buildPhases = (
				67CBE9CA27BB866E00DE0459 /* Sources */,
				67CBE9CB27BB866E00DE0459 /* Frameworks */,
				67CBE9CC27BB866E00DE0459 /* Resources */,
			);
			buildRules = (
			);
			dependencies = (
				67CBE9D027BB866E00DE0459 /* PBXTargetDependency */,
			);
			name = "Tests macOS";
			productName = "Tests macOS";
			productReference = 67CBE9CE27BB866E00DE0459 /* Tests macOS.xctest */;
			productType = "com.apple.product-type.bundle.ui-testing";
		};
/* End PBXNativeTarget section */

/* Begin PBXProject section */
		67CBE9A927BB866D00DE0459 /* Project object */ = {
			isa = PBXProject;
			attributes = {
				BuildIndependentTargetsInParallel = 1;
				LastSwiftUpdateCheck = 1320;
				LastUpgradeCheck = 1320;
				TargetAttributes = {
					67CBE9B427BB866E00DE0459 = {
						CreatedOnToolsVersion = 13.2.1;
					};
					67CBE9BA27BB866E00DE0459 = {
						CreatedOnToolsVersion = 13.2.1;
					};
					67CBE9C127BB866E00DE0459 = {
						CreatedOnToolsVersion = 13.2.1;
						TestTargetID = 67CBE9B427BB866E00DE0459;
					};
					67CBE9CD27BB866E00DE0459 = {
						CreatedOnToolsVersion = 13.2.1;
						TestTargetID = 67CBE9BA27BB866E00DE0459;
					};
				};
			};
			buildConfigurationList = 67CBE9AC27BB866D00DE0459 /* Build configuration list for PBXProject "fyp-22-s1-11" */;
			compatibilityVersion = "Xcode 13.0";
			developmentRegion = en;
			hasScannedForEncodings = 0;
			knownRegions = (
				en,
				Base,
			);
			mainGroup = 67CBE9A827BB866D00DE0459;
			productRefGroup = 67CBE9B627BB866E00DE0459 /* Products */;
			projectDirPath = "";
			projectRoot = "";
			targets = (
				67CBE9B427BB866E00DE0459 /* fyp-22-s1-11 (iOS) */,
				67CBE9BA27BB866E00DE0459 /* fyp-22-s1-11 (macOS) */,
				67CBE9C127BB866E00DE0459 /* Tests iOS */,
				67CBE9CD27BB866E00DE0459 /* Tests macOS */,
			);
		};
/* End PBXProject section */

/* Begin PBXResourcesBuildPhase section */
		67CBE9B327BB866E00DE0459 /* Resources */ = {
			isa = PBXResourcesBuildPhase;
			buildActionMask = 2147483647;
			files = (
				67CBE9DA27BB866E00DE0459 /* Assets.xcassets in Resources */,
			);
			runOnlyForDeploymentPostprocessing = 0;
		};
		67CBE9B927BB866E00DE0459 /* Resources */ = {
			isa = PBXResourcesBuildPhase;
			buildActionMask = 2147483647;
			files = (
				67CBE9DB27BB866E00DE0459 /* Assets.xcassets in Resources */,
			);
			runOnlyForDeploymentPostprocessing = 0;
		};
		67CBE9C027BB866E00DE0459 /* Resources */ = {
			isa = PBXResourcesBuildPhase;
			buildActionMask = 2147483647;
			files = (
			);
			runOnlyForDeploymentPostprocessing = 0;
		};
		67CBE9CC27BB866E00DE0459 /* Resources */ = {
			isa = PBXResourcesBuildPhase;
			buildActionMask = 2147483647;
			files = (
			);
			runOnlyForDeploymentPostprocessing = 0;
		};
/* End PBXResourcesBuildPhase section */

/* Begin PBXSourcesBuildPhase section */
		67CBE9B127BB866E00DE0459 /* Sources */ = {
			isa = PBXSourcesBuildPhase;
			buildActionMask = 2147483647;
			files = (
				67CBE9D827BB866E00DE0459 /* ContentView.swift in Sources */,
				67CBE9D627BB866E00DE0459 /* fyp_22_s1_11App.swift in Sources */,
			);
			runOnlyForDeploymentPostprocessing = 0;
		};
		67CBE9B727BB866E00DE0459 /* Sources */ = {
			isa = PBXSourcesBuildPhase;
			buildActionMask = 2147483647;
			files = (
				67CBE9D927BB866E00DE0459 /* ContentView.swift in Sources */,
				67CBE9D727BB866E00DE0459 /* fyp_22_s1_11App.swift in Sources */,
			);
			runOnlyForDeploymentPostprocessing = 0;
		};
		67CBE9BE27BB866E00DE0459 /* Sources */ = {
			isa = PBXSourcesBuildPhase;
			buildActionMask = 2147483647;
			files = (
				67CBE9C927BB866E00DE0459 /* Tests_iOSLaunchTests.swift in Sources */,
				67CBE9C727BB866E00DE0459 /* Tests_iOS.swift in Sources */,
			);
			runOnlyForDeploymentPostprocessing = 0;
		};
		67CBE9CA27BB866E00DE0459 /* Sources */ = {
			isa = PBXSourcesBuildPhase;
			buildActionMask = 2147483647;
			files = (
				67CBE9D527BB866E00DE0459 /* Tests_macOSLaunchTests.swift in Sources */,
				67CBE9D327BB866E00DE0459 /* Tests_macOS.swift in Sources */,
			);
			runOnlyForDeploymentPostprocessing = 0;
		};
/* End PBXSourcesBuildPhase section */

/* Begin PBXTargetDependency section */
		67CBE9C427BB866E00DE0459 /* PBXTargetDependency */ = {
			isa = PBXTargetDependency;
			target = 67CBE9B427BB866E00DE0459 /* fyp-22-s1-11 (iOS) */;
			targetProxy = 67CBE9C327BB866E00DE0459 /* PBXContainerItemProxy */;
		};
		67CBE9D027BB866E00DE0459 /* PBXTargetDependency */ = {
			isa = PBXTargetDependency;
			target = 67CBE9BA27BB866E00DE0459 /* fyp-22-s1-11 (macOS) */;
			targetProxy = 67CBE9CF27BB866E00DE0459 /* PBXContainerItemProxy */;
		};
/* End PBXTargetDependency section */

/* Begin XCBuildConfiguration section */
		67CBE9DC27BB866E00DE0459 /* Debug */ = {
			isa = XCBuildConfiguration;
			buildSettings = {
				ALWAYS_SEARCH_USER_PATHS = NO;
				CLANG_ANALYZER_NONNULL = YES;
				CLANG_ANALYZER_NUMBER_OBJECT_CONVERSION = YES_AGGRESSIVE;
				CLANG_CXX_LANGUAGE_STANDARD = "gnu++17";
				CLANG_CXX_LIBRARY = "libc++";
				CLANG_ENABLE_MODULES = YES;
				CLANG_ENABLE_OBJC_ARC = YES;
				CLANG_ENABLE_OBJC_WEAK = YES;
				CLANG_WARN_BLOCK_CAPTURE_AUTORELEASING = YES;
				CLANG_WARN_BOOL_CONVERSION = YES;
				CLANG_WARN_COMMA = YES;
				CLANG_WARN_CONSTANT_CONVERSION = YES;
				CLANG_WARN_DEPRECATED_OBJC_IMPLEMENTATIONS = YES;
				CLANG_WARN_DIRECT_OBJC_ISA_USAGE = YES_ERROR;
				CLANG_WARN_DOCUMENTATION_COMMENTS = YES;
				CLANG_WARN_EMPTY_BODY = YES;
				CLANG_WARN_ENUM_CONVERSION = YES;
				CLANG_WARN_INFINITE_RECURSION = YES;
				CLANG_WARN_INT_CONVERSION = YES;
				CLANG_WARN_NON_LITERAL_NULL_CONVERSION = YES;
				CLANG_WARN_OBJC_IMPLICIT_RETAIN_SELF = YES;
				CLANG_WARN_OBJC_LITERAL_CONVERSION = YES;
				CLANG_WARN_OBJC_ROOT_CLASS = YES_ERROR;
				CLANG_WARN_QUOTED_INCLUDE_IN_FRAMEWORK_HEADER = YES;
				CLANG_WARN_RANGE_LOOP_ANALYSIS = YES;
				CLANG_WARN_STRICT_PROTOTYPES = YES;
				CLANG_WARN_SUSPICIOUS_MOVE = YES;
				CLANG_WARN_UNGUARDED_AVAILABILITY = YES_AGGRESSIVE;
				CLANG_WARN_UNREACHABLE_CODE = YES;
				CLANG_WARN__DUPLICATE_METHOD_MATCH = YES;
				COPY_PHASE_STRIP = NO;
				DEBUG_INFORMATION_FORMAT = dwarf;
				ENABLE_STRICT_OBJC_MSGSEND = YES;
				ENABLE_TESTABILITY = YES;
				GCC_C_LANGUAGE_STANDARD = gnu11;
				GCC_DYNAMIC_NO_PIC = NO;
				GCC_NO_COMMON_BLOCKS = YES;
				GCC_OPTIMIZATION_LEVEL = 0;
				GCC_PREPROCESSOR_DEFINITIONS = (
					"DEBUG=1",
					"$(inherited)",
				);
				GCC_WARN_64_TO_32_BIT_CONVERSION = YES;
				GCC_WARN_ABOUT_RETURN_TYPE = YES_ERROR;
				GCC_WARN_UNDECLARED_SELECTOR = YES;
				GCC_WARN_UNINITIALIZED_AUTOS = YES_AGGRESSIVE;
				GCC_WARN_UNUSED_FUNCTION = YES;
				GCC_WARN_UNUSED_VARIABLE = YES;
				MTL_ENABLE_DEBUG_INFO = INCLUDE_SOURCE;
				MTL_FAST_MATH = YES;
				ONLY_ACTIVE_ARCH = YES;
				SWIFT_ACTIVE_COMPILATION_CONDITIONS = DEBUG;
				SWIFT_OPTIMIZATION_LEVEL = "-Onone";
			};
			name = Debug;
		};
		67CBE9DD27BB866E00DE0459 /* Release */ = {
			isa = XCBuildConfiguration;
			buildSettings = {
				ALWAYS_SEARCH_USER_PATHS = NO;
				CLANG_ANALYZER_NONNULL = YES;
				CLANG_ANALYZER_NUMBER_OBJECT_CONVERSION = YES_AGGRESSIVE;
				CLANG_CXX_LANGUAGE_STANDARD = "gnu++17";
				CLANG_CXX_LIBRARY = "libc++";
				CLANG_ENABLE_MODULES = YES;
				CLANG_ENABLE_OBJC_ARC = YES;
				CLANG_ENABLE_OBJC_WEAK = YES;
				CLANG_WARN_BLOCK_CAPTURE_AUTORELEASING = YES;
				CLANG_WARN_BOOL_CONVERSION = YES;
				CLANG_WARN_COMMA = YES;
				CLANG_WARN_CONSTANT_CONVERSION = YES;
				CLANG_WARN_DEPRECATED_OBJC_IMPLEMENTATIONS = YES;
				CLANG_WARN_DIRECT_OBJC_ISA_USAGE = YES_ERROR;
				CLANG_WARN_DOCUMENTATION_COMMENTS = YES;
				CLANG_WARN_EMPTY_BODY = YES;
				CLANG_WARN_ENUM_CONVERSION = YES;
				CLANG_WARN_INFINITE_RECURSION = YES;
				CLANG_WARN_INT_CONVERSION = YES;
				CLANG_WARN_NON_LITERAL_NULL_CONVERSION = YES;
				CLANG_WARN_OBJC_IMPLICIT_RETAIN_SELF = YES;
				CLANG_WARN_OBJC_LITERAL_CONVERSION = YES;
				CLANG_WARN_OBJC_ROOT_CLASS = YES_ERROR;
				CLANG_WARN_QUOTED_INCLUDE_IN_FRAMEWORK_HEADER = YES;
				CLANG_WARN_RANGE_LOOP_ANALYSIS = YES;
				CLANG_WARN_STRICT_PROTOTYPES = YES;
				CLANG_WARN_SUSPICIOUS_MOVE = YES;
				CLANG_WARN_UNGUARDED_AVAILABILITY = YES_AGGRESSIVE;
				CLANG_WARN_UNREACHABLE_CODE = YES;
				CLANG_WARN__DUPLICATE_METHOD_MATCH = YES;
				COPY_PHASE_STRIP = NO;
				DEBUG_INFORMATION_FORMAT = "dwarf-with-dsym";
				ENABLE_NS_ASSERTIONS = NO;
				ENABLE_STRICT_OBJC_MSGSEND = YES;
				GCC_C_LANGUAGE_STANDARD = gnu11;
				GCC_NO_COMMON_BLOCKS = YES;
				GCC_WARN_64_TO_32_BIT_CONVERSION = YES;
				GCC_WARN_ABOUT_RETURN_TYPE = YES_ERROR;
				GCC_WARN_UNDECLARED_SELECTOR = YES;
				GCC_WARN_UNINITIALIZED_AUTOS = YES_AGGRESSIVE;
				GCC_WARN_UNUSED_FUNCTION = YES;
				GCC_WARN_UNUSED_VARIABLE = YES;
				MTL_ENABLE_DEBUG_INFO = NO;
				MTL_FAST_MATH = YES;
				SWIFT_COMPILATION_MODE = wholemodule;
				SWIFT_OPTIMIZATION_LEVEL = "-O";
			};
			name = Release;
		};
		67CBE9DF27BB866E00DE0459 /* Debug */ = {
			isa = XCBuildConfiguration;
			buildSettings = {
				ASSETCATALOG_COMPILER_APPICON_NAME = AppIcon;
				ASSETCATALOG_COMPILER_GLOBAL_ACCENT_COLOR_NAME = AccentColor;
				CODE_SIGN_STYLE = Automatic;
				CURRENT_PROJECT_VERSION = 1;
				ENABLE_PREVIEWS = YES;
				GENERATE_INFOPLIST_FILE = YES;
				INFOPLIST_KEY_UIApplicationSceneManifest_Generation = YES;
				INFOPLIST_KEY_UIApplicationSupportsIndirectInputEvents = YES;
				INFOPLIST_KEY_UILaunchScreen_Generation = YES;
				INFOPLIST_KEY_UISupportedInterfaceOrientations_iPad = "UIInterfaceOrientationPortrait UIInterfaceOrientationPortraitUpsideDown UIInterfaceOrientationLandscapeLeft UIInterfaceOrientationLandscapeRight";
				INFOPLIST_KEY_UISupportedInterfaceOrientations_iPhone = "UIInterfaceOrientationPortrait UIInterfaceOrientationLandscapeLeft UIInterfaceOrientationLandscapeRight";
				IPHONEOS_DEPLOYMENT_TARGET = 15.2;
				LD_RUNPATH_SEARCH_PATHS = (
					"$(inherited)",
					"@executable_path/Frameworks",
				);
				MARKETING_VERSION = 1.0;
				PRODUCT_BUNDLE_IDENTIFIER = "sim.fyp-22-s1-11";
				PRODUCT_NAME = "fyp-22-s1-11";
				SDKROOT = iphoneos;
				SWIFT_EMIT_LOC_STRINGS = YES;
				SWIFT_VERSION = 5.0;
				TARGETED_DEVICE_FAMILY = "1,2";
			};
			name = Debug;
		};
		67CBE9E027BB866E00DE0459 /* Release */ = {
			isa = XCBuildConfiguration;
			buildSettings = {
				ASSETCATALOG_COMPILER_APPICON_NAME = AppIcon;
				ASSETCATALOG_COMPILER_GLOBAL_ACCENT_COLOR_NAME = AccentColor;
				CODE_SIGN_STYLE = Automatic;
				CURRENT_PROJECT_VERSION = 1;
				ENABLE_PREVIEWS = YES;
				GENERATE_INFOPLIST_FILE = YES;
				INFOPLIST_KEY_UIApplicationSceneManifest_Generation = YES;
				INFOPLIST_KEY_UIApplicationSupportsIndirectInputEvents = YES;
				INFOPLIST_KEY_UILaunchScreen_Generation = YES;
				INFOPLIST_KEY_UISupportedInterfaceOrientations_iPad = "UIInterfaceOrientationPortrait UIInterfaceOrientationPortraitUpsideDown UIInterfaceOrientationLandscapeLeft UIInterfaceOrientationLandscapeRight";
				INFOPLIST_KEY_UISupportedInterfaceOrientations_iPhone = "UIInterfaceOrientationPortrait UIInterfaceOrientationLandscapeLeft UIInterfaceOrientationLandscapeRight";
				IPHONEOS_DEPLOYMENT_TARGET = 15.2;
				LD_RUNPATH_SEARCH_PATHS = (
					"$(inherited)",
					"@executable_path/Frameworks",
				);
				MARKETING_VERSION = 1.0;
				PRODUCT_BUNDLE_IDENTIFIER = "sim.fyp-22-s1-11";
				PRODUCT_NAME = "fyp-22-s1-11";
				SDKROOT = iphoneos;
				SWIFT_EMIT_LOC_STRINGS = YES;
				SWIFT_VERSION = 5.0;
				TARGETED_DEVICE_FAMILY = "1,2";
				VALIDATE_PRODUCT = YES;
			};
			name = Release;
		};
		67CBE9E227BB866E00DE0459 /* Debug */ = {
			isa = XCBuildConfiguration;
			buildSettings = {
				ASSETCATALOG_COMPILER_APPICON_NAME = AppIcon;
				ASSETCATALOG_COMPILER_GLOBAL_ACCENT_COLOR_NAME = AccentColor;
				CODE_SIGN_ENTITLEMENTS = macOS/macOS.entitlements;
				CODE_SIGN_STYLE = Automatic;
				COMBINE_HIDPI_IMAGES = YES;
				CURRENT_PROJECT_VERSION = 1;
				ENABLE_PREVIEWS = YES;
				GENERATE_INFOPLIST_FILE = YES;
				INFOPLIST_KEY_NSHumanReadableCopyright = "";
				LD_RUNPATH_SEARCH_PATHS = (
					"$(inherited)",
					"@executable_path/../Frameworks",
				);
				MACOSX_DEPLOYMENT_TARGET = 12.1;
				MARKETING_VERSION = 1.0;
				PRODUCT_BUNDLE_IDENTIFIER = "sim.fyp-22-s1-11";
				PRODUCT_NAME = "fyp-22-s1-11";
				SDKROOT = macosx;
				SWIFT_EMIT_LOC_STRINGS = YES;
				SWIFT_VERSION = 5.0;
			};
			name = Debug;
		};
		67CBE9E327BB866E00DE0459 /* Release */ = {
			isa = XCBuildConfiguration;
			buildSettings = {
				ASSETCATALOG_COMPILER_APPICON_NAME = AppIcon;
				ASSETCATALOG_COMPILER_GLOBAL_ACCENT_COLOR_NAME = AccentColor;
				CODE_SIGN_ENTITLEMENTS = macOS/macOS.entitlements;
				CODE_SIGN_STYLE = Automatic;
				COMBINE_HIDPI_IMAGES = YES;
				CURRENT_PROJECT_VERSION = 1;
				ENABLE_PREVIEWS = YES;
				GENERATE_INFOPLIST_FILE = YES;
				INFOPLIST_KEY_NSHumanReadableCopyright = "";
				LD_RUNPATH_SEARCH_PATHS = (
					"$(inherited)",
					"@executable_path/../Frameworks",
				);
				MACOSX_DEPLOYMENT_TARGET = 12.1;
				MARKETING_VERSION = 1.0;
				PRODUCT_BUNDLE_IDENTIFIER = "sim.fyp-22-s1-11";
				PRODUCT_NAME = "fyp-22-s1-11";
				SDKROOT = macosx;
				SWIFT_EMIT_LOC_STRINGS = YES;
				SWIFT_VERSION = 5.0;
			};
			name = Release;
		};
		67CBE9E527BB866E00DE0459 /* Debug */ = {
			isa = XCBuildConfiguration;
			buildSettings = {
				ALWAYS_EMBED_SWIFT_STANDARD_LIBRARIES = YES;
				CODE_SIGN_STYLE = Automatic;
				CURRENT_PROJECT_VERSION = 1;
				GENERATE_INFOPLIST_FILE = YES;
				IPHONEOS_DEPLOYMENT_TARGET = 15.2;
				MARKETING_VERSION = 1.0;
				PRODUCT_BUNDLE_IDENTIFIER = "sim.Tests-iOS";
				PRODUCT_NAME = "$(TARGET_NAME)";
				SDKROOT = iphoneos;
				SWIFT_EMIT_LOC_STRINGS = NO;
				SWIFT_VERSION = 5.0;
				TARGETED_DEVICE_FAMILY = "1,2";
				TEST_TARGET_NAME = "fyp-22-s1-11 (iOS)";
			};
			name = Debug;
		};
		67CBE9E627BB866E00DE0459 /* Release */ = {
			isa = XCBuildConfiguration;
			buildSettings = {
				ALWAYS_EMBED_SWIFT_STANDARD_LIBRARIES = YES;
				CODE_SIGN_STYLE = Automatic;
				CURRENT_PROJECT_VERSION = 1;
				GENERATE_INFOPLIST_FILE = YES;
				IPHONEOS_DEPLOYMENT_TARGET = 15.2;
				MARKETING_VERSION = 1.0;
				PRODUCT_BUNDLE_IDENTIFIER = "sim.Tests-iOS";
				PRODUCT_NAME = "$(TARGET_NAME)";
				SDKROOT = iphoneos;
				SWIFT_EMIT_LOC_STRINGS = NO;
				SWIFT_VERSION = 5.0;
				TARGETED_DEVICE_FAMILY = "1,2";
				TEST_TARGET_NAME = "fyp-22-s1-11 (iOS)";
				VALIDATE_PRODUCT = YES;
			};
			name = Release;
		};
		67CBE9E827BB866E00DE0459 /* Debug */ = {
			isa = XCBuildConfiguration;
			buildSettings = {
				ALWAYS_EMBED_SWIFT_STANDARD_LIBRARIES = YES;
				CODE_SIGN_STYLE = Automatic;
				CURRENT_PROJECT_VERSION = 1;
				GENERATE_INFOPLIST_FILE = YES;
				MACOSX_DEPLOYMENT_TARGET = 12.1;
				MARKETING_VERSION = 1.0;
				PRODUCT_BUNDLE_IDENTIFIER = "sim.Tests-macOS";
				PRODUCT_NAME = "$(TARGET_NAME)";
				SDKROOT = macosx;
				SWIFT_EMIT_LOC_STRINGS = NO;
				SWIFT_VERSION = 5.0;
				TEST_TARGET_NAME = "fyp-22-s1-11 (macOS)";
			};
			name = Debug;
		};
		67CBE9E927BB866E00DE0459 /* Release */ = {
			isa = XCBuildConfiguration;
			buildSettings = {
				ALWAYS_EMBED_SWIFT_STANDARD_LIBRARIES = YES;
				CODE_SIGN_STYLE = Automatic;
				CURRENT_PROJECT_VERSION = 1;
				GENERATE_INFOPLIST_FILE = YES;
				MACOSX_DEPLOYMENT_TARGET = 12.1;
				MARKETING_VERSION = 1.0;
				PRODUCT_BUNDLE_IDENTIFIER = "sim.Tests-macOS";
				PRODUCT_NAME = "$(TARGET_NAME)";
				SDKROOT = macosx;
				SWIFT_EMIT_LOC_STRINGS = NO;
				SWIFT_VERSION = 5.0;
				TEST_TARGET_NAME = "fyp-22-s1-11 (macOS)";
			};
			name = Release;
		};
/* End XCBuildConfiguration section */

/* Begin XCConfigurationList section */
		67CBE9AC27BB866D00DE0459 /* Build configuration list for PBXProject "fyp-22-s1-11" */ = {
			isa = XCConfigurationList;
			buildConfigurations = (
				67CBE9DC27BB866E00DE0459 /* Debug */,
				67CBE9DD27BB866E00DE0459 /* Release */,
			);
			defaultConfigurationIsVisible = 0;
			defaultConfigurationName = Release;
		};
		67CBE9DE27BB866E00DE0459 /* Build configuration list for PBXNativeTarget "fyp-22-s1-11 (iOS)" */ = {
			isa = XCConfigurationList;
			buildConfigurations = (
				67CBE9DF27BB866E00DE0459 /* Debug */,
				67CBE9E027BB866E00DE0459 /* Release */,
			);
			defaultConfigurationIsVisible = 0;
			defaultConfigurationName = Release;
		};
		67CBE9E127BB866E00DE0459 /* Build configuration list for PBXNativeTarget "fyp-22-s1-11 (macOS)" */ = {
			isa = XCConfigurationList;
			buildConfigurations = (
				67CBE9E227BB866E00DE0459 /* Debug */,
				67CBE9E327BB866E00DE0459 /* Release */,
			);
			defaultConfigurationIsVisible = 0;
			defaultConfigurationName = Release;
		};
		67CBE9E427BB866E00DE0459 /* Build configuration list for PBXNativeTarget "Tests iOS" */ = {
			isa = XCConfigurationList;
			buildConfigurations = (
				67CBE9E527BB866E00DE0459 /* Debug */,
				67CBE9E627BB866E00DE0459 /* Release */,
			);
			defaultConfigurationIsVisible = 0;
			defaultConfigurationName = Release;
		};
		67CBE9E727BB866E00DE0459 /* Build configuration list for PBXNativeTarget "Tests macOS" */ = {
			isa = XCConfigurationList;
			buildConfigurations = (
				67CBE9E827BB866E00DE0459 /* Debug */,
				67CBE9E927BB866E00DE0459 /* Release */,
			);
			defaultConfigurationIsVisible = 0;
			defaultConfigurationName = Release;
		};
/* End XCConfigurationList section */
	};
	rootObject = 67CBE9A927BB866D00DE0459 /* Project object */;
}
